
Microsoft Visual Studio Solution File, Format Version 12.00
# Visual Studio Version 16
VisualStudioVersion = 16.0.30128.74
MinimumVisualStudioVersion = 10.0.40219.1
Project("{FAE04EC0-301F-11D3-BF4B-00C04F79EFBC}") = "CS321_W3D1_BookAPI", "CS321_W3D1_BookAPI\CS321_W3D1_BookAPI.csproj", "{203C7884-2C2C-4EE4-B0E7-721A58A9800D}"
EndProject
Global
	GlobalSection(SolutionConfigurationPlatforms) = preSolution
		Debug|Any CPU = Debug|Any CPU
		Release|Any CPU = Release|Any CPU
	EndGlobalSection
	GlobalSection(ProjectConfigurationPlatforms) = postSolution
		{203C7884-2C2C-4EE4-B0E7-721A58A9800D}.Debug|Any CPU.ActiveCfg = Debug|Any CPU
		{203C7884-2C2C-4EE4-B0E7-721A58A9800D}.Debug|Any CPU.Build.0 = Debug|Any CPU
		{203C7884-2C2C-4EE4-B0E7-721A58A9800D}.Release|Any CPU.ActiveCfg = Release|Any CPU
		{203C7884-2C2C-4EE4-B0E7-721A58A9800D}.Release|Any CPU.Build.0 = Release|Any CPU
	EndGlobalSection
	GlobalSection(SolutionProperties) = preSolution
		HideSolutionNode = FALSE
	EndGlobalSection
	GlobalSection(ExtensibilityGlobals) = postSolution
		SolutionGuid = {2687D2C5-D14D-4E6D-A1A9-1B3BDD20D5FF}
	EndGlobalSection
EndGlobal
